
Microsoft Visual Studio Solution File, Format Version 12.00
# Visual Studio Version 17
VisualStudioVersion = 17.14.36109.1
MinimumVisualStudioVersion = 10.0.40219.1
Project("{2150E333-8FDC-42A3-9474-1A3956D46DE8}") = "01", "01", "{02EA681E-C7D8-13C7-8484-4AC65E1B71E8}"
EndProject
Project("{FAE04EC0-301F-11D3-BF4B-00C04F79EFBC}") = "IsNumberOddOrNot", "IsNumberOddOrNot\IsNumberOddOrNot.csproj", "{73591AA6-BA0B-4D9D-AA9F-ED4EC8AB47B9}"
EndProject
Project("{2150E333-8FDC-42A3-9474-1A3956D46DE8}") = "02", "02", "{F8A18917-74E2-440A-B4D3-95E8637CCB76}"
EndProject
Project("{FAE04EC0-301F-11D3-BF4B-00C04F79EFBC}") = "TheGreathestNumber", "TheGreathestNumber\TheGreathestNumber.csproj", "{42FD6077-43BD-4AC1-9A40-317AE5A001B2}"
EndProject
Project("{2150E333-8FDC-42A3-9474-1A3956D46DE8}") = "03", "03", "{A0238520-5ACF-47FE-841C-4D109E0CA125}"
EndProject
Project("{FAE04EC0-301F-11D3-BF4B-00C04F79EFBC}") = "SortNumbers", "SortNumbers\SortNumbers.csproj", "{6C4C1006-15C0-4283-842A-89B4B478AE6D}"
EndProject
Project("{2150E333-8FDC-42A3-9474-1A3956D46DE8}") = "04", "04", "{11CDFC16-3824-455E-93F9-B67571D022D1}"
EndProject
Project("{FAE04EC0-301F-11D3-BF4B-00C04F79EFBC}") = "IsMultipleOfAnother", "IsMultipleOfAnother\IsMultipleOfAnother.csproj", "{340833FB-72E1-4A2D-BD2F-578019A7A2A1}"
EndProject
Project("{2150E333-8FDC-42A3-9474-1A3956D46DE8}") = "05", "05", "{E79955AE-1FF2-41D4-8755-693A81B7905F}"
EndProject
Project("{FAE04EC0-301F-11D3-BF4B-00C04F79EFBC}") = "IsLeapYear", "LeapYear\IsLeapYear.csproj", "{46C02A27-9F44-493F-8FD3-68F6C1675FBA}"
EndProject
Project("{2150E333-8FDC-42A3-9474-1A3956D46DE8}") = "06", "06", "{14FF67EC-0BA2-4F1E-B568-C5CC8C99B617}"
EndProject
Project("{FAE04EC0-301F-11D3-BF4B-00C04F79EFBC}") = "SimplePayroll", "BasicNomin\SimplePayroll.csproj", "{471329DF-CDFA-4DAD-B507-AA302EB8501C}"
EndProject
Project("{2150E333-8FDC-42A3-9474-1A3956D46DE8}") = "07", "07", "{B025AB73-FBEF-41B2-88FC-FEA0BAFE7732}"
EndProject
Project("{FAE04EC0-301F-11D3-BF4B-00C04F79EFBC}") = "Discount", "Discount\Discount.csproj", "{66818813-F367-4248-8C24-0A494F65ACD6}"
EndProject
Project("{2150E333-8FDC-42A3-9474-1A3956D46DE8}") = "08", "08", "{66F62316-336A-4886-9547-AEA7B57E761B}"
EndProject
Project("{FAE04EC0-301F-11D3-BF4B-00C04F79EFBC}") = "RegistrationValue", "RegistrationValue\RegistrationValue.csproj", "{059C02D6-D5A5-48BF-99F3-7D69F5DA2704}"
EndProject
Project("{2150E333-8FDC-42A3-9474-1A3956D46DE8}") = "09", "09", "{EDB1357E-660B-4BF5-B740-BC5125E5B12E}"
EndProject
Project("{FAE04EC0-301F-11D3-BF4B-00C04F79EFBC}") = "Shipping", "Shipping\Shipping.csproj", "{B22EDD76-9069-4874-8573-1CB37D3E4012}"
EndProject
Project("{2150E333-8FDC-42A3-9474-1A3956D46DE8}") = "10", "10", "{AFD5A495-3B55-4BEB-9AE7-FAA5BAC69AF1}"
EndProject
Project("{FAE04EC0-301F-11D3-BF4B-00C04F79EFBC}") = "SucesoStore", "SucesoStore\SucesoStore.csproj", "{17136113-7AC6-4571-B268-F93FD7F0B6D4}"
EndProject
Project("{2150E333-8FDC-42A3-9474-1A3956D46DE8}") = "11", "11", "{F57EB024-A9AD-489A-BACE-88FAA9B7FB83}"
EndProject
Project("{FAE04EC0-301F-11D3-BF4B-00C04F79EFBC}") = "TransportationCompany", "TransportationCompany\TransportationCompany.csproj", "{3C8AC35C-0F73-4A55-8B4B-C4073EF72F19}"
EndProject
Project("{2150E333-8FDC-42A3-9474-1A3956D46DE8}") = "12", "12", "{CAAE870B-962B-43DD-94A1-B96A28E71737}"
EndProject
Project("{FAE04EC0-301F-11D3-BF4B-00C04F79EFBC}") = "Sum&Average", "Sum&Average\Sum&Average.csproj", "{A93A5110-4BFA-4A06-A458-57C3ED309069}"
EndProject
Project("{2150E333-8FDC-42A3-9474-1A3956D46DE8}") = "Shared", "Shared", "{FBEF25EB-B290-4420-A776-949F8B43DF7D}"
EndProject
Project("{FAE04EC0-301F-11D3-BF4B-00C04F79EFBC}") = "Shared", "Shared\Shared.csproj", "{3C703EB6-B24A-4F12-B601-660356161568}"
EndProject
Project("{2150E333-8FDC-42A3-9474-1A3956D46DE8}") = "13", "13", "{94AE85A1-D8D5-4162-A90A-EF45F1A1E35B}"
EndProject
Project("{FAE04EC0-301F-11D3-BF4B-00C04F79EFBC}") = "Factorial", "Factorial\Factorial.csproj", "{7A03D17B-91D1-424E-B049-D210558F60E0}"
EndProject
Project("{2150E333-8FDC-42A3-9474-1A3956D46DE8}") = "14", "14", "{48709278-64D8-481E-BA27-2A9823BBB12A}"
EndProject
Project("{FAE04EC0-301F-11D3-BF4B-00C04F79EFBC}") = "Taylor", "Taylor\Taylor.csproj", "{5623C115-3A9F-4365-9FBA-A00BF27DB78B}"
EndProject
Project("{2150E333-8FDC-42A3-9474-1A3956D46DE8}") = "15", "15", "{43CB34FE-9009-45C6-B293-5A0A9EF72F6E}"
EndProject
Project("{FAE04EC0-301F-11D3-BF4B-00C04F79EFBC}") = "TaylorModified", "TaylorModified\TaylorModified.csproj", "{1662C41C-3E3D-47A0-9554-5BBC62FBF3F4}"
EndProject
Project("{2150E333-8FDC-42A3-9474-1A3956D46DE8}") = "16", "16", "{B3BF3EC2-244B-495B-9761-64F7E0358307}"
EndProject
Project("{2150E333-8FDC-42A3-9474-1A3956D46DE8}") = "17", "17", "{9785001F-534F-4B00-9349-ACF982252AAB}"
EndProject
Project("{2150E333-8FDC-42A3-9474-1A3956D46DE8}") = "18", "18", "{70ED7DC8-6866-4732-B771-8771A68DC2F2}"
EndProject
Project("{FAE04EC0-301F-11D3-BF4B-00C04F79EFBC}") = "QuadraticEquation", "QuadraticEquation\QuadraticEquation.csproj", "{38FA256F-2B42-4F41-8460-485BDE884507}"
EndProject
Project("{FAE04EC0-301F-11D3-BF4B-00C04F79EFBC}") = "Fibonacci", "Fibbonacci\Fibonacci.csproj", "{25AA2DC7-5D48-42E6-9D67-98E6983945AE}"
EndProject
Project("{FAE04EC0-301F-11D3-BF4B-00C04F79EFBC}") = "FibonacciModified", "FibonacciModified\FibonacciModified.csproj", "{DDC79096-D8B0-45C0-96FB-E423D2A3641A}"
EndProject
Project("{2150E333-8FDC-42A3-9474-1A3956D46DE8}") = "19", "19", "{08268F0C-4024-4D02-A122-04C6B44A1E3C}"
EndProject
Project("{2150E333-8FDC-42A3-9474-1A3956D46DE8}") = "20", "20", "{E7D3147A-0120-492B-A781-26817E09A1ED}"
EndProject
Project("{FAE04EC0-301F-11D3-BF4B-00C04F79EFBC}") = "IsPrime", "IsPrime\IsPrime.csproj", "{88F36FDF-40CD-4186-B79D-5B1B0B6A9AF4}"
EndProject
Project("{FAE04EC0-301F-11D3-BF4B-00C04F79EFBC}") = "PrimeTop", "PrimeTop\PrimeTop.csproj", "{DBDC62DB-AF28-4E67-B295-0341C7A9A3CF}"
EndProject
Project("{2150E333-8FDC-42A3-9474-1A3956D46DE8}") = "21", "21", "{AE0E95BC-EEFB-4100-93C1-986BBCA0B73E}"
EndProject
Project("{FAE04EC0-301F-11D3-BF4B-00C04F79EFBC}") = "Euler", "Euler\Euler.csproj", "{D0784A48-9663-4389-B9E9-DBCF0FA1D326}"
EndProject
Project("{2150E333-8FDC-42A3-9474-1A3956D46DE8}") = "22", "22", "{531A6B96-25C9-4BB6-8179-6AA2C7C73780}"
EndProject
Project("{FAE04EC0-301F-11D3-BF4B-00C04F79EFBC}") = "PINumber", "PINumber\PINumber.csproj", "{F62B10F8-9EA3-43C2-AEB7-02EF15EA62E4}"
EndProject
Project("{2150E333-8FDC-42A3-9474-1A3956D46DE8}") = "23", "23", "{6ED6423D-3F1C-4310-B961-5C760B2861A6}"
EndProject
Project("{FAE04EC0-301F-11D3-BF4B-00C04F79EFBC}") = "Calendar", "Calendar\Calendar.csproj", "{45B298EC-AC62-49BB-ADA8-3288E74F76E6}"
EndProject
Project("{2150E333-8FDC-42A3-9474-1A3956D46DE8}") = "24", "24", "{1C26463A-2431-4A8A-B256-4599BFDB12FC}"
EndProject
Project("{FAE04EC0-301F-11D3-BF4B-00C04F79EFBC}") = "Even&Odds", "Even&Odds\Even&Odds.csproj", "{A94F639B-99EF-46D7-98C0-5BC09DB82C9C}"
EndProject
Project("{2150E333-8FDC-42A3-9474-1A3956D46DE8}") = "25", "25", "{803BF980-152D-46C7-BF4E-FE2B7445D9F9}"
EndProject
Project("{FAE04EC0-301F-11D3-BF4B-00C04F79EFBC}") = "ArrayOperations", "ArrayOperations\ArrayOperations.csproj", "{E7D39F03-83CC-48F4-9FDA-3B5E03F91487}"
EndProject
Project("{2150E333-8FDC-42A3-9474-1A3956D46DE8}") = "26", "26", "{6E8A8A9E-BE0A-4DB1-8822-49397E9D0134}"
EndProject
Project("{FAE04EC0-301F-11D3-BF4B-00C04F79EFBC}") = "SpecialOrderArray", "SpecialOrderArray\SpecialOrderArray.csproj", "{536925EB-B1F4-4E83-A61D-F650A87FC167}"
EndProject
Global
	GlobalSection(SolutionConfigurationPlatforms) = preSolution
		Debug|Any CPU = Debug|Any CPU
		Release|Any CPU = Release|Any CPU
	EndGlobalSection
	GlobalSection(ProjectConfigurationPlatforms) = postSolution
		{73591AA6-BA0B-4D9D-AA9F-ED4EC8AB47B9}.Debug|Any CPU.ActiveCfg = Debug|Any CPU
		{73591AA6-BA0B-4D9D-AA9F-ED4EC8AB47B9}.Debug|Any CPU.Build.0 = Debug|Any CPU
		{73591AA6-BA0B-4D9D-AA9F-ED4EC8AB47B9}.Release|Any CPU.ActiveCfg = Release|Any CPU
		{73591AA6-BA0B-4D9D-AA9F-ED4EC8AB47B9}.Release|Any CPU.Build.0 = Release|Any CPU
		{42FD6077-43BD-4AC1-9A40-317AE5A001B2}.Debug|Any CPU.ActiveCfg = Debug|Any CPU
		{42FD6077-43BD-4AC1-9A40-317AE5A001B2}.Debug|Any CPU.Build.0 = Debug|Any CPU
		{42FD6077-43BD-4AC1-9A40-317AE5A001B2}.Release|Any CPU.ActiveCfg = Release|Any CPU
		{42FD6077-43BD-4AC1-9A40-317AE5A001B2}.Release|Any CPU.Build.0 = Release|Any CPU
		{6C4C1006-15C0-4283-842A-89B4B478AE6D}.Debug|Any CPU.ActiveCfg = Debug|Any CPU
		{6C4C1006-15C0-4283-842A-89B4B478AE6D}.Debug|Any CPU.Build.0 = Debug|Any CPU
		{6C4C1006-15C0-4283-842A-89B4B478AE6D}.Release|Any CPU.ActiveCfg = Release|Any CPU
		{6C4C1006-15C0-4283-842A-89B4B478AE6D}.Release|Any CPU.Build.0 = Release|Any CPU
		{340833FB-72E1-4A2D-BD2F-578019A7A2A1}.Debug|Any CPU.ActiveCfg = Debug|Any CPU
		{340833FB-72E1-4A2D-BD2F-578019A7A2A1}.Debug|Any CPU.Build.0 = Debug|Any CPU
		{340833FB-72E1-4A2D-BD2F-578019A7A2A1}.Release|Any CPU.ActiveCfg = Release|Any CPU
		{340833FB-72E1-4A2D-BD2F-578019A7A2A1}.Release|Any CPU.Build.0 = Release|Any CPU
		{46C02A27-9F44-493F-8FD3-68F6C1675FBA}.Debug|Any CPU.ActiveCfg = Debug|Any CPU
		{46C02A27-9F44-493F-8FD3-68F6C1675FBA}.Debug|Any CPU.Build.0 = Debug|Any CPU
		{46C02A27-9F44-493F-8FD3-68F6C1675FBA}.Release|Any CPU.ActiveCfg = Release|Any CPU
		{46C02A27-9F44-493F-8FD3-68F6C1675FBA}.Release|Any CPU.Build.0 = Release|Any CPU
		{471329DF-CDFA-4DAD-B507-AA302EB8501C}.Debug|Any CPU.ActiveCfg = Debug|Any CPU
		{471329DF-CDFA-4DAD-B507-AA302EB8501C}.Debug|Any CPU.Build.0 = Debug|Any CPU
		{471329DF-CDFA-4DAD-B507-AA302EB8501C}.Release|Any CPU.ActiveCfg = Release|Any CPU
		{471329DF-CDFA-4DAD-B507-AA302EB8501C}.Release|Any CPU.Build.0 = Release|Any CPU
		{66818813-F367-4248-8C24-0A494F65ACD6}.Debug|Any CPU.ActiveCfg = Debug|Any CPU
		{66818813-F367-4248-8C24-0A494F65ACD6}.Debug|Any CPU.Build.0 = Debug|Any CPU
		{66818813-F367-4248-8C24-0A494F65ACD6}.Release|Any CPU.ActiveCfg = Release|Any CPU
		{66818813-F367-4248-8C24-0A494F65ACD6}.Release|Any CPU.Build.0 = Release|Any CPU
		{059C02D6-D5A5-48BF-99F3-7D69F5DA2704}.Debug|Any CPU.ActiveCfg = Debug|Any CPU
		{059C02D6-D5A5-48BF-99F3-7D69F5DA2704}.Debug|Any CPU.Build.0 = Debug|Any CPU
		{059C02D6-D5A5-48BF-99F3-7D69F5DA2704}.Release|Any CPU.ActiveCfg = Release|Any CPU
		{059C02D6-D5A5-48BF-99F3-7D69F5DA2704}.Release|Any CPU.Build.0 = Release|Any CPU
		{B22EDD76-9069-4874-8573-1CB37D3E4012}.Debug|Any CPU.ActiveCfg = Debug|Any CPU
		{B22EDD76-9069-4874-8573-1CB37D3E4012}.Debug|Any CPU.Build.0 = Debug|Any CPU
		{B22EDD76-9069-4874-8573-1CB37D3E4012}.Release|Any CPU.ActiveCfg = Release|Any CPU
		{B22EDD76-9069-4874-8573-1CB37D3E4012}.Release|Any CPU.Build.0 = Release|Any CPU
		{17136113-7AC6-4571-B268-F93FD7F0B6D4}.Debug|Any CPU.ActiveCfg = Debug|Any CPU
		{17136113-7AC6-4571-B268-F93FD7F0B6D4}.Debug|Any CPU.Build.0 = Debug|Any CPU
		{17136113-7AC6-4571-B268-F93FD7F0B6D4}.Release|Any CPU.ActiveCfg = Release|Any CPU
		{17136113-7AC6-4571-B268-F93FD7F0B6D4}.Release|Any CPU.Build.0 = Release|Any CPU
		{3C8AC35C-0F73-4A55-8B4B-C4073EF72F19}.Debug|Any CPU.ActiveCfg = Debug|Any CPU
		{3C8AC35C-0F73-4A55-8B4B-C4073EF72F19}.Debug|Any CPU.Build.0 = Debug|Any CPU
		{3C8AC35C-0F73-4A55-8B4B-C4073EF72F19}.Release|Any CPU.ActiveCfg = Release|Any CPU
		{3C8AC35C-0F73-4A55-8B4B-C4073EF72F19}.Release|Any CPU.Build.0 = Release|Any CPU
		{A93A5110-4BFA-4A06-A458-57C3ED309069}.Debug|Any CPU.ActiveCfg = Debug|Any CPU
		{A93A5110-4BFA-4A06-A458-57C3ED309069}.Debug|Any CPU.Build.0 = Debug|Any CPU
		{A93A5110-4BFA-4A06-A458-57C3ED309069}.Release|Any CPU.ActiveCfg = Release|Any CPU
		{A93A5110-4BFA-4A06-A458-57C3ED309069}.Release|Any CPU.Build.0 = Release|Any CPU
		{3C703EB6-B24A-4F12-B601-660356161568}.Debug|Any CPU.ActiveCfg = Debug|Any CPU
		{3C703EB6-B24A-4F12-B601-660356161568}.Debug|Any CPU.Build.0 = Debug|Any CPU
		{3C703EB6-B24A-4F12-B601-660356161568}.Release|Any CPU.ActiveCfg = Release|Any CPU
		{3C703EB6-B24A-4F12-B601-660356161568}.Release|Any CPU.Build.0 = Release|Any CPU
		{7A03D17B-91D1-424E-B049-D210558F60E0}.Debug|Any CPU.ActiveCfg = Debug|Any CPU
		{7A03D17B-91D1-424E-B049-D210558F60E0}.Debug|Any CPU.Build.0 = Debug|Any CPU
		{7A03D17B-91D1-424E-B049-D210558F60E0}.Release|Any CPU.ActiveCfg = Release|Any CPU
		{7A03D17B-91D1-424E-B049-D210558F60E0}.Release|Any CPU.Build.0 = Release|Any CPU
		{5623C115-3A9F-4365-9FBA-A00BF27DB78B}.Debug|Any CPU.ActiveCfg = Debug|Any CPU
		{5623C115-3A9F-4365-9FBA-A00BF27DB78B}.Debug|Any CPU.Build.0 = Debug|Any CPU
		{5623C115-3A9F-4365-9FBA-A00BF27DB78B}.Release|Any CPU.ActiveCfg = Release|Any CPU
		{5623C115-3A9F-4365-9FBA-A00BF27DB78B}.Release|Any CPU.Build.0 = Release|Any CPU
		{1662C41C-3E3D-47A0-9554-5BBC62FBF3F4}.Debug|Any CPU.ActiveCfg = Debug|Any CPU
		{1662C41C-3E3D-47A0-9554-5BBC62FBF3F4}.Debug|Any CPU.Build.0 = Debug|Any CPU
		{1662C41C-3E3D-47A0-9554-5BBC62FBF3F4}.Release|Any CPU.ActiveCfg = Release|Any CPU
		{1662C41C-3E3D-47A0-9554-5BBC62FBF3F4}.Release|Any CPU.Build.0 = Release|Any CPU
		{38FA256F-2B42-4F41-8460-485BDE884507}.Debug|Any CPU.ActiveCfg = Debug|Any CPU
		{38FA256F-2B42-4F41-8460-485BDE884507}.Debug|Any CPU.Build.0 = Debug|Any CPU
		{38FA256F-2B42-4F41-8460-485BDE884507}.Release|Any CPU.ActiveCfg = Release|Any CPU
		{38FA256F-2B42-4F41-8460-485BDE884507}.Release|Any CPU.Build.0 = Release|Any CPU
		{25AA2DC7-5D48-42E6-9D67-98E6983945AE}.Debug|Any CPU.ActiveCfg = Debug|Any CPU
		{25AA2DC7-5D48-42E6-9D67-98E6983945AE}.Debug|Any CPU.Build.0 = Debug|Any CPU
		{25AA2DC7-5D48-42E6-9D67-98E6983945AE}.Release|Any CPU.ActiveCfg = Release|Any CPU
		{25AA2DC7-5D48-42E6-9D67-98E6983945AE}.Release|Any CPU.Build.0 = Release|Any CPU
		{DDC79096-D8B0-45C0-96FB-E423D2A3641A}.Debug|Any CPU.ActiveCfg = Debug|Any CPU
		{DDC79096-D8B0-45C0-96FB-E423D2A3641A}.Debug|Any CPU.Build.0 = Debug|Any CPU
		{DDC79096-D8B0-45C0-96FB-E423D2A3641A}.Release|Any CPU.ActiveCfg = Release|Any CPU
		{DDC79096-D8B0-45C0-96FB-E423D2A3641A}.Release|Any CPU.Build.0 = Release|Any CPU
		{88F36FDF-40CD-4186-B79D-5B1B0B6A9AF4}.Debug|Any CPU.ActiveCfg = Debug|Any CPU
		{88F36FDF-40CD-4186-B79D-5B1B0B6A9AF4}.Debug|Any CPU.Build.0 = Debug|Any CPU
		{88F36FDF-40CD-4186-B79D-5B1B0B6A9AF4}.Release|Any CPU.ActiveCfg = Release|Any CPU
		{88F36FDF-40CD-4186-B79D-5B1B0B6A9AF4}.Release|Any CPU.Build.0 = Release|Any CPU
		{DBDC62DB-AF28-4E67-B295-0341C7A9A3CF}.Debug|Any CPU.ActiveCfg = Debug|Any CPU
		{DBDC62DB-AF28-4E67-B295-0341C7A9A3CF}.Debug|Any CPU.Build.0 = Debug|Any CPU
		{DBDC62DB-AF28-4E67-B295-0341C7A9A3CF}.Release|Any CPU.ActiveCfg = Release|Any CPU
		{DBDC62DB-AF28-4E67-B295-0341C7A9A3CF}.Release|Any CPU.Build.0 = Release|Any CPU
		{D0784A48-9663-4389-B9E9-DBCF0FA1D326}.Debug|Any CPU.ActiveCfg = Debug|Any CPU
		{D0784A48-9663-4389-B9E9-DBCF0FA1D326}.Debug|Any CPU.Build.0 = Debug|Any CPU
		{D0784A48-9663-4389-B9E9-DBCF0FA1D326}.Release|Any CPU.ActiveCfg = Release|Any CPU
		{D0784A48-9663-4389-B9E9-DBCF0FA1D326}.Release|Any CPU.Build.0 = Release|Any CPU
		{F62B10F8-9EA3-43C2-AEB7-02EF15EA62E4}.Debug|Any CPU.ActiveCfg = Debug|Any CPU
		{F62B10F8-9EA3-43C2-AEB7-02EF15EA62E4}.Debug|Any CPU.Build.0 = Debug|Any CPU
		{F62B10F8-9EA3-43C2-AEB7-02EF15EA62E4}.Release|Any CPU.ActiveCfg = Release|Any CPU
		{F62B10F8-9EA3-43C2-AEB7-02EF15EA62E4}.Release|Any CPU.Build.0 = Release|Any CPU
		{45B298EC-AC62-49BB-ADA8-3288E74F76E6}.Debug|Any CPU.ActiveCfg = Debug|Any CPU
		{45B298EC-AC62-49BB-ADA8-3288E74F76E6}.Debug|Any CPU.Build.0 = Debug|Any CPU
		{45B298EC-AC62-49BB-ADA8-3288E74F76E6}.Release|Any CPU.ActiveCfg = Release|Any CPU
		{45B298EC-AC62-49BB-ADA8-3288E74F76E6}.Release|Any CPU.Build.0 = Release|Any CPU
		{A94F639B-99EF-46D7-98C0-5BC09DB82C9C}.Debug|Any CPU.ActiveCfg = Debug|Any CPU
		{A94F639B-99EF-46D7-98C0-5BC09DB82C9C}.Debug|Any CPU.Build.0 = Debug|Any CPU
		{A94F639B-99EF-46D7-98C0-5BC09DB82C9C}.Release|Any CPU.ActiveCfg = Release|Any CPU
		{A94F639B-99EF-46D7-98C0-5BC09DB82C9C}.Release|Any CPU.Build.0 = Release|Any CPU
		{E7D39F03-83CC-48F4-9FDA-3B5E03F91487}.Debug|Any CPU.ActiveCfg = Debug|Any CPU
		{E7D39F03-83CC-48F4-9FDA-3B5E03F91487}.Debug|Any CPU.Build.0 = Debug|Any CPU
		{E7D39F03-83CC-48F4-9FDA-3B5E03F91487}.Release|Any CPU.ActiveCfg = Release|Any CPU
		{E7D39F03-83CC-48F4-9FDA-3B5E03F91487}.Release|Any CPU.Build.0 = Release|Any CPU
		{536925EB-B1F4-4E83-A61D-F650A87FC167}.Debug|Any CPU.ActiveCfg = Debug|Any CPU
		{536925EB-B1F4-4E83-A61D-F650A87FC167}.Debug|Any CPU.Build.0 = Debug|Any CPU
		{536925EB-B1F4-4E83-A61D-F650A87FC167}.Release|Any CPU.ActiveCfg = Release|Any CPU
		{536925EB-B1F4-4E83-A61D-F650A87FC167}.Release|Any CPU.Build.0 = Release|Any CPU
	EndGlobalSection
	GlobalSection(SolutionProperties) = preSolution
		HideSolutionNode = FALSE
	EndGlobalSection
	GlobalSection(NestedProjects) = preSolution
		{73591AA6-BA0B-4D9D-AA9F-ED4EC8AB47B9} = {02EA681E-C7D8-13C7-8484-4AC65E1B71E8}
		{42FD6077-43BD-4AC1-9A40-317AE5A001B2} = {F8A18917-74E2-440A-B4D3-95E8637CCB76}
		{6C4C1006-15C0-4283-842A-89B4B478AE6D} = {A0238520-5ACF-47FE-841C-4D109E0CA125}
		{340833FB-72E1-4A2D-BD2F-578019A7A2A1} = {11CDFC16-3824-455E-93F9-B67571D022D1}
		{46C02A27-9F44-493F-8FD3-68F6C1675FBA} = {E79955AE-1FF2-41D4-8755-693A81B7905F}
		{471329DF-CDFA-4DAD-B507-AA302EB8501C} = {14FF67EC-0BA2-4F1E-B568-C5CC8C99B617}
		{66818813-F367-4248-8C24-0A494F65ACD6} = {B025AB73-FBEF-41B2-88FC-FEA0BAFE7732}
		{059C02D6-D5A5-48BF-99F3-7D69F5DA2704} = {66F62316-336A-4886-9547-AEA7B57E761B}
		{B22EDD76-9069-4874-8573-1CB37D3E4012} = {EDB1357E-660B-4BF5-B740-BC5125E5B12E}
		{17136113-7AC6-4571-B268-F93FD7F0B6D4} = {AFD5A495-3B55-4BEB-9AE7-FAA5BAC69AF1}
		{3C8AC35C-0F73-4A55-8B4B-C4073EF72F19} = {F57EB024-A9AD-489A-BACE-88FAA9B7FB83}
		{A93A5110-4BFA-4A06-A458-57C3ED309069} = {CAAE870B-962B-43DD-94A1-B96A28E71737}
		{3C703EB6-B24A-4F12-B601-660356161568} = {FBEF25EB-B290-4420-A776-949F8B43DF7D}
		{7A03D17B-91D1-424E-B049-D210558F60E0} = {94AE85A1-D8D5-4162-A90A-EF45F1A1E35B}
		{5623C115-3A9F-4365-9FBA-A00BF27DB78B} = {48709278-64D8-481E-BA27-2A9823BBB12A}
		{1662C41C-3E3D-47A0-9554-5BBC62FBF3F4} = {43CB34FE-9009-45C6-B293-5A0A9EF72F6E}
		{38FA256F-2B42-4F41-8460-485BDE884507} = {B3BF3EC2-244B-495B-9761-64F7E0358307}
		{25AA2DC7-5D48-42E6-9D67-98E6983945AE} = {9785001F-534F-4B00-9349-ACF982252AAB}
		{DDC79096-D8B0-45C0-96FB-E423D2A3641A} = {70ED7DC8-6866-4732-B771-8771A68DC2F2}
		{88F36FDF-40CD-4186-B79D-5B1B0B6A9AF4} = {08268F0C-4024-4D02-A122-04C6B44A1E3C}
		{DBDC62DB-AF28-4E67-B295-0341C7A9A3CF} = {E7D3147A-0120-492B-A781-26817E09A1ED}
		{D0784A48-9663-4389-B9E9-DBCF0FA1D326} = {AE0E95BC-EEFB-4100-93C1-986BBCA0B73E}
		{F62B10F8-9EA3-43C2-AEB7-02EF15EA62E4} = {531A6B96-25C9-4BB6-8179-6AA2C7C73780}
		{45B298EC-AC62-49BB-ADA8-3288E74F76E6} = {6ED6423D-3F1C-4310-B961-5C760B2861A6}
		{A94F639B-99EF-46D7-98C0-5BC09DB82C9C} = {1C26463A-2431-4A8A-B256-4599BFDB12FC}
		{E7D39F03-83CC-48F4-9FDA-3B5E03F91487} = {803BF980-152D-46C7-BF4E-FE2B7445D9F9}
		{536925EB-B1F4-4E83-A61D-F650A87FC167} = {6E8A8A9E-BE0A-4DB1-8822-49397E9D0134}
	EndGlobalSection
	GlobalSection(ExtensibilityGlobals) = postSolution
		SolutionGuid = {B27A7D15-16BD-4E90-B1C3-2315350F897B}
	EndGlobalSection
EndGlobal
