
Microsoft Visual Studio Solution File, Format Version 12.00
# Visual Studio Version 17
VisualStudioVersion = 17.14.36109.1
MinimumVisualStudioVersion = 10.0.40219.1
Project("{2150E333-8FDC-42A3-9474-1A3956D46DE8}") = "01", "01", "{02EA681E-C7D8-13C7-8484-4AC65E1B71E8}"
EndProject
Project("{FAE04EC0-301F-11D3-BF4B-00C04F79EFBC}") = "IsNumberOddOrNot", "IsNumberOddOrNot\IsNumberOddOrNot.csproj", "{73591AA6-BA0B-4D9D-AA9F-ED4EC8AB47B9}"
EndProject
Project("{2150E333-8FDC-42A3-9474-1A3956D46DE8}") = "02", "02", "{F8A18917-74E2-440A-B4D3-95E8637CCB76}"
EndProject
Project("{FAE04EC0-301F-11D3-BF4B-00C04F79EFBC}") = "TheGreathestNumber", "TheGreathestNumber\TheGreathestNumber.csproj", "{42FD6077-43BD-4AC1-9A40-317AE5A001B2}"
EndProject
Project("{2150E333-8FDC-42A3-9474-1A3956D46DE8}") = "03", "03", "{A0238520-5ACF-47FE-841C-4D109E0CA125}"
EndProject
Project("{FAE04EC0-301F-11D3-BF4B-00C04F79EFBC}") = "SortNumbers", "SortNumbers\SortNumbers.csproj", "{6C4C1006-15C0-4283-842A-89B4B478AE6D}"
EndProject
Project("{2150E333-8FDC-42A3-9474-1A3956D46DE8}") = "04", "04", "{11CDFC16-3824-455E-93F9-B67571D022D1}"
EndProject
Project("{FAE04EC0-301F-11D3-BF4B-00C04F79EFBC}") = "IsMultipleOfAnother", "IsMultipleOfAnother\IsMultipleOfAnother.csproj", "{340833FB-72E1-4A2D-BD2F-578019A7A2A1}"
EndProject
Project("{2150E333-8FDC-42A3-9474-1A3956D46DE8}") = "05", "05", "{E79955AE-1FF2-41D4-8755-693A81B7905F}"
EndProject
Project("{FAE04EC0-301F-11D3-BF4B-00C04F79EFBC}") = "IsLeapYear", "LeapYear\IsLeapYear.csproj", "{46C02A27-9F44-493F-8FD3-68F6C1675FBA}"
EndProject
Project("{2150E333-8FDC-42A3-9474-1A3956D46DE8}") = "06", "06", "{14FF67EC-0BA2-4F1E-B568-C5CC8C99B617}"
EndProject
Project("{FAE04EC0-301F-11D3-BF4B-00C04F79EFBC}") = "SimplePayroll", "BasicNomin\SimplePayroll.csproj", "{471329DF-CDFA-4DAD-B507-AA302EB8501C}"
EndProject
Project("{2150E333-8FDC-42A3-9474-1A3956D46DE8}") = "07", "07", "{B025AB73-FBEF-41B2-88FC-FEA0BAFE7732}"
EndProject
Project("{FAE04EC0-301F-11D3-BF4B-00C04F79EFBC}") = "Discount", "Discount\Discount.csproj", "{66818813-F367-4248-8C24-0A494F65ACD6}"
EndProject
Project("{2150E333-8FDC-42A3-9474-1A3956D46DE8}") = "08", "08", "{66F62316-336A-4886-9547-AEA7B57E761B}"
EndProject
Project("{FAE04EC0-301F-11D3-BF4B-00C04F79EFBC}") = "RegistrationValue", "RegistrationValue\RegistrationValue.csproj", "{059C02D6-D5A5-48BF-99F3-7D69F5DA2704}"
EndProject
Project("{2150E333-8FDC-42A3-9474-1A3956D46DE8}") = "09", "09", "{EDB1357E-660B-4BF5-B740-BC5125E5B12E}"
EndProject
Project("{FAE04EC0-301F-11D3-BF4B-00C04F79EFBC}") = "Shipping", "Shipping\Shipping.csproj", "{B22EDD76-9069-4874-8573-1CB37D3E4012}"
EndProject
Project("{2150E333-8FDC-42A3-9474-1A3956D46DE8}") = "10", "10", "{AFD5A495-3B55-4BEB-9AE7-FAA5BAC69AF1}"
EndProject
Project("{FAE04EC0-301F-11D3-BF4B-00C04F79EFBC}") = "SucesoStore", "SucesoStore\SucesoStore.csproj", "{17136113-7AC6-4571-B268-F93FD7F0B6D4}"
EndProject
Project("{2150E333-8FDC-42A3-9474-1A3956D46DE8}") = "11", "11", "{F57EB024-A9AD-489A-BACE-88FAA9B7FB83}"
EndProject
Project("{FAE04EC0-301F-11D3-BF4B-00C04F79EFBC}") = "TransportationCompany", "TransportationCompany\TransportationCompany.csproj", "{3C8AC35C-0F73-4A55-8B4B-C4073EF72F19}"
EndProject
Project("{2150E333-8FDC-42A3-9474-1A3956D46DE8}") = "12", "12", "{CAAE870B-962B-43DD-94A1-B96A28E71737}"
EndProject
Project("{FAE04EC0-301F-11D3-BF4B-00C04F79EFBC}") = "Sum&Average", "Sum&Average\Sum&Average.csproj", "{A93A5110-4BFA-4A06-A458-57C3ED309069}"
EndProject
Project("{2150E333-8FDC-42A3-9474-1A3956D46DE8}") = "Shared", "Shared", "{FBEF25EB-B290-4420-A776-949F8B43DF7D}"
EndProject
Project("{FAE04EC0-301F-11D3-BF4B-00C04F79EFBC}") = "Shared", "Shared\Shared.csproj", "{3C703EB6-B24A-4F12-B601-660356161568}"
EndProject
Project("{2150E333-8FDC-42A3-9474-1A3956D46DE8}") = "13", "13", "{94AE85A1-D8D5-4162-A90A-EF45F1A1E35B}"
EndProject
Project("{FAE04EC0-301F-11D3-BF4B-00C04F79EFBC}") = "Factorial", "Factorial\Factorial.csproj", "{7A03D17B-91D1-424E-B049-D210558F60E0}"
EndProject
Global
	GlobalSection(SolutionConfigurationPlatforms) = preSolution
		Debug|Any CPU = Debug|Any CPU
		Release|Any CPU = Release|Any CPU
	EndGlobalSection
	GlobalSection(ProjectConfigurationPlatforms) = postSolution
		{73591AA6-BA0B-4D9D-AA9F-ED4EC8AB47B9}.Debug|Any CPU.ActiveCfg = Debug|Any CPU
		{73591AA6-BA0B-4D9D-AA9F-ED4EC8AB47B9}.Debug|Any CPU.Build.0 = Debug|Any CPU
		{73591AA6-BA0B-4D9D-AA9F-ED4EC8AB47B9}.Release|Any CPU.ActiveCfg = Release|Any CPU
		{73591AA6-BA0B-4D9D-AA9F-ED4EC8AB47B9}.Release|Any CPU.Build.0 = Release|Any CPU
		{42FD6077-43BD-4AC1-9A40-317AE5A001B2}.Debug|Any CPU.ActiveCfg = Debug|Any CPU
		{42FD6077-43BD-4AC1-9A40-317AE5A001B2}.Debug|Any CPU.Build.0 = Debug|Any CPU
		{42FD6077-43BD-4AC1-9A40-317AE5A001B2}.Release|Any CPU.ActiveCfg = Release|Any CPU
		{42FD6077-43BD-4AC1-9A40-317AE5A001B2}.Release|Any CPU.Build.0 = Release|Any CPU
		{6C4C1006-15C0-4283-842A-89B4B478AE6D}.Debug|Any CPU.ActiveCfg = Debug|Any CPU
		{6C4C1006-15C0-4283-842A-89B4B478AE6D}.Debug|Any CPU.Build.0 = Debug|Any CPU
		{6C4C1006-15C0-4283-842A-89B4B478AE6D}.Release|Any CPU.ActiveCfg = Release|Any CPU
		{6C4C1006-15C0-4283-842A-89B4B478AE6D}.Release|Any CPU.Build.0 = Release|Any CPU
		{340833FB-72E1-4A2D-BD2F-578019A7A2A1}.Debug|Any CPU.ActiveCfg = Debug|Any CPU
		{340833FB-72E1-4A2D-BD2F-578019A7A2A1}.Debug|Any CPU.Build.0 = Debug|Any CPU
		{340833FB-72E1-4A2D-BD2F-578019A7A2A1}.Release|Any CPU.ActiveCfg = Release|Any CPU
		{340833FB-72E1-4A2D-BD2F-578019A7A2A1}.Release|Any CPU.Build.0 = Release|Any CPU
		{46C02A27-9F44-493F-8FD3-68F6C1675FBA}.Debug|Any CPU.ActiveCfg = Debug|Any CPU
		{46C02A27-9F44-493F-8FD3-68F6C1675FBA}.Debug|Any CPU.Build.0 = Debug|Any CPU
		{46C02A27-9F44-493F-8FD3-68F6C1675FBA}.Release|Any CPU.ActiveCfg = Release|Any CPU
		{46C02A27-9F44-493F-8FD3-68F6C1675FBA}.Release|Any CPU.Build.0 = Release|Any CPU
		{471329DF-CDFA-4DAD-B507-AA302EB8501C}.Debug|Any CPU.ActiveCfg = Debug|Any CPU
		{471329DF-CDFA-4DAD-B507-AA302EB8501C}.Debug|Any CPU.Build.0 = Debug|Any CPU
		{471329DF-CDFA-4DAD-B507-AA302EB8501C}.Release|Any CPU.ActiveCfg = Release|Any CPU
		{471329DF-CDFA-4DAD-B507-AA302EB8501C}.Release|Any CPU.Build.0 = Release|Any CPU
		{66818813-F367-4248-8C24-0A494F65ACD6}.Debug|Any CPU.ActiveCfg = Debug|Any CPU
		{66818813-F367-4248-8C24-0A494F65ACD6}.Debug|Any CPU.Build.0 = Debug|Any CPU
		{66818813-F367-4248-8C24-0A494F65ACD6}.Release|Any CPU.ActiveCfg = Release|Any CPU
		{66818813-F367-4248-8C24-0A494F65ACD6}.Release|Any CPU.Build.0 = Release|Any CPU
		{059C02D6-D5A5-48BF-99F3-7D69F5DA2704}.Debug|Any CPU.ActiveCfg = Debug|Any CPU
		{059C02D6-D5A5-48BF-99F3-7D69F5DA2704}.Debug|Any CPU.Build.0 = Debug|Any CPU
		{059C02D6-D5A5-48BF-99F3-7D69F5DA2704}.Release|Any CPU.ActiveCfg = Release|Any CPU
		{059C02D6-D5A5-48BF-99F3-7D69F5DA2704}.Release|Any CPU.Build.0 = Release|Any CPU
		{B22EDD76-9069-4874-8573-1CB37D3E4012}.Debug|Any CPU.ActiveCfg = Debug|Any CPU
		{B22EDD76-9069-4874-8573-1CB37D3E4012}.Debug|Any CPU.Build.0 = Debug|Any CPU
		{B22EDD76-9069-4874-8573-1CB37D3E4012}.Release|Any CPU.ActiveCfg = Release|Any CPU
		{B22EDD76-9069-4874-8573-1CB37D3E4012}.Release|Any CPU.Build.0 = Release|Any CPU
		{17136113-7AC6-4571-B268-F93FD7F0B6D4}.Debug|Any CPU.ActiveCfg = Debug|Any CPU
		{17136113-7AC6-4571-B268-F93FD7F0B6D4}.Debug|Any CPU.Build.0 = Debug|Any CPU
		{17136113-7AC6-4571-B268-F93FD7F0B6D4}.Release|Any CPU.ActiveCfg = Release|Any CPU
		{17136113-7AC6-4571-B268-F93FD7F0B6D4}.Release|Any CPU.Build.0 = Release|Any CPU
		{3C8AC35C-0F73-4A55-8B4B-C4073EF72F19}.Debug|Any CPU.ActiveCfg = Debug|Any CPU
		{3C8AC35C-0F73-4A55-8B4B-C4073EF72F19}.Debug|Any CPU.Build.0 = Debug|Any CPU
		{3C8AC35C-0F73-4A55-8B4B-C4073EF72F19}.Release|Any CPU.ActiveCfg = Release|Any CPU
		{3C8AC35C-0F73-4A55-8B4B-C4073EF72F19}.Release|Any CPU.Build.0 = Release|Any CPU
		{A93A5110-4BFA-4A06-A458-57C3ED309069}.Debug|Any CPU.ActiveCfg = Debug|Any CPU
		{A93A5110-4BFA-4A06-A458-57C3ED309069}.Debug|Any CPU.Build.0 = Debug|Any CPU
		{A93A5110-4BFA-4A06-A458-57C3ED309069}.Release|Any CPU.ActiveCfg = Release|Any CPU
		{A93A5110-4BFA-4A06-A458-57C3ED309069}.Release|Any CPU.Build.0 = Release|Any CPU
		{3C703EB6-B24A-4F12-B601-660356161568}.Debug|Any CPU.ActiveCfg = Debug|Any CPU
		{3C703EB6-B24A-4F12-B601-660356161568}.Debug|Any CPU.Build.0 = Debug|Any CPU
		{3C703EB6-B24A-4F12-B601-660356161568}.Release|Any CPU.ActiveCfg = Release|Any CPU
		{3C703EB6-B24A-4F12-B601-660356161568}.Release|Any CPU.Build.0 = Release|Any CPU
		{7A03D17B-91D1-424E-B049-D210558F60E0}.Debug|Any CPU.ActiveCfg = Debug|Any CPU
		{7A03D17B-91D1-424E-B049-D210558F60E0}.Debug|Any CPU.Build.0 = Debug|Any CPU
		{7A03D17B-91D1-424E-B049-D210558F60E0}.Release|Any CPU.ActiveCfg = Release|Any CPU
		{7A03D17B-91D1-424E-B049-D210558F60E0}.Release|Any CPU.Build.0 = Release|Any CPU
	EndGlobalSection
	GlobalSection(SolutionProperties) = preSolution
		HideSolutionNode = FALSE
	EndGlobalSection
	GlobalSection(NestedProjects) = preSolution
		{73591AA6-BA0B-4D9D-AA9F-ED4EC8AB47B9} = {02EA681E-C7D8-13C7-8484-4AC65E1B71E8}
		{42FD6077-43BD-4AC1-9A40-317AE5A001B2} = {F8A18917-74E2-440A-B4D3-95E8637CCB76}
		{6C4C1006-15C0-4283-842A-89B4B478AE6D} = {A0238520-5ACF-47FE-841C-4D109E0CA125}
		{340833FB-72E1-4A2D-BD2F-578019A7A2A1} = {11CDFC16-3824-455E-93F9-B67571D022D1}
		{46C02A27-9F44-493F-8FD3-68F6C1675FBA} = {E79955AE-1FF2-41D4-8755-693A81B7905F}
		{471329DF-CDFA-4DAD-B507-AA302EB8501C} = {14FF67EC-0BA2-4F1E-B568-C5CC8C99B617}
		{66818813-F367-4248-8C24-0A494F65ACD6} = {B025AB73-FBEF-41B2-88FC-FEA0BAFE7732}
		{059C02D6-D5A5-48BF-99F3-7D69F5DA2704} = {66F62316-336A-4886-9547-AEA7B57E761B}
		{B22EDD76-9069-4874-8573-1CB37D3E4012} = {EDB1357E-660B-4BF5-B740-BC5125E5B12E}
		{17136113-7AC6-4571-B268-F93FD7F0B6D4} = {AFD5A495-3B55-4BEB-9AE7-FAA5BAC69AF1}
		{3C8AC35C-0F73-4A55-8B4B-C4073EF72F19} = {F57EB024-A9AD-489A-BACE-88FAA9B7FB83}
		{A93A5110-4BFA-4A06-A458-57C3ED309069} = {CAAE870B-962B-43DD-94A1-B96A28E71737}
		{3C703EB6-B24A-4F12-B601-660356161568} = {FBEF25EB-B290-4420-A776-949F8B43DF7D}
		{7A03D17B-91D1-424E-B049-D210558F60E0} = {94AE85A1-D8D5-4162-A90A-EF45F1A1E35B}
	EndGlobalSection
	GlobalSection(ExtensibilityGlobals) = postSolution
		SolutionGuid = {B27A7D15-16BD-4E90-B1C3-2315350F897B}
	EndGlobalSection
EndGlobal
